
Microsoft Visual Studio Solution File, Format Version 12.00
# Visual Studio Version 16
VisualStudioVersion = 16.0.33130.400
MinimumVisualStudioVersion = 10.0.40219.1
Project("{FAE04EC0-301F-11D3-BF4B-00C04F79EFBC}") = "Admin", "Admin\Admin.csproj", "{E995EA59-58F2-4BFB-A723-D40AD1E9247B}"
EndProject
Project("{FAE04EC0-301F-11D3-BF4B-00C04F79EFBC}") = "Customers", "Customers\Customers.csproj", "{1FE47FAF-21BD-44E1-8D2F-C578FFE0FB67}"
EndProject
Project("{FAE04EC0-301F-11D3-BF4B-00C04F79EFBC}") = "Common", "Common\Common.csproj", "{3D6D9B87-A5DD-44EC-906F-D02B266E7A8F}"
EndProject
Project("{FAE04EC0-301F-11D3-BF4B-00C04F79EFBC}") = "Services", "Services\Services.csproj", "{3EE38FD1-CC38-470B-BDC9-93FE98D234B1}"
EndProject
Global
	GlobalSection(SolutionConfigurationPlatforms) = preSolution
		Debug|Any CPU = Debug|Any CPU
		Release|Any CPU = Release|Any CPU
	EndGlobalSection
	GlobalSection(ProjectConfigurationPlatforms) = postSolution
		{E995EA59-58F2-4BFB-A723-D40AD1E9247B}.Debug|Any CPU.ActiveCfg = Debug|Any CPU
		{E995EA59-58F2-4BFB-A723-D40AD1E9247B}.Debug|Any CPU.Build.0 = Debug|Any CPU
		{E995EA59-58F2-4BFB-A723-D40AD1E9247B}.Release|Any CPU.ActiveCfg = Release|Any CPU
		{E995EA59-58F2-4BFB-A723-D40AD1E9247B}.Release|Any CPU.Build.0 = Release|Any CPU
		{1FE47FAF-21BD-44E1-8D2F-C578FFE0FB67}.Debug|Any CPU.ActiveCfg = Debug|Any CPU
		{1FE47FAF-21BD-44E1-8D2F-C578FFE0FB67}.Debug|Any CPU.Build.0 = Debug|Any CPU
		{1FE47FAF-21BD-44E1-8D2F-C578FFE0FB67}.Release|Any CPU.ActiveCfg = Release|Any CPU
		{1FE47FAF-21BD-44E1-8D2F-C578FFE0FB67}.Release|Any CPU.Build.0 = Release|Any CPU
		{3D6D9B87-A5DD-44EC-906F-D02B266E7A8F}.Debug|Any CPU.ActiveCfg = Debug|Any CPU
		{3D6D9B87-A5DD-44EC-906F-D02B266E7A8F}.Debug|Any CPU.Build.0 = Debug|Any CPU
		{3D6D9B87-A5DD-44EC-906F-D02B266E7A8F}.Release|Any CPU.ActiveCfg = Release|Any CPU
		{3D6D9B87-A5DD-44EC-906F-D02B266E7A8F}.Release|Any CPU.Build.0 = Release|Any CPU
		{3EE38FD1-CC38-470B-BDC9-93FE98D234B1}.Debug|Any CPU.ActiveCfg = Debug|Any CPU
		{3EE38FD1-CC38-470B-BDC9-93FE98D234B1}.Debug|Any CPU.Build.0 = Debug|Any CPU
		{3EE38FD1-CC38-470B-BDC9-93FE98D234B1}.Release|Any CPU.ActiveCfg = Release|Any CPU
		{3EE38FD1-CC38-470B-BDC9-93FE98D234B1}.Release|Any CPU.Build.0 = Release|Any CPU
	EndGlobalSection
	GlobalSection(SolutionProperties) = preSolution
		HideSolutionNode = FALSE
	EndGlobalSection
	GlobalSection(ExtensibilityGlobals) = postSolution
		SolutionGuid = {36A54F30-4256-4C61-8B5A-A3F399B6F070}
	EndGlobalSection
EndGlobal
